
Microsoft Visual Studio Solution File, Format Version 12.00
# Visual Studio Version 16
VisualStudioVersion = 16.0.31112.23
MinimumVisualStudioVersion = 10.0.40219.1
Project("{9A19103F-16F7-4668-BE54-9A1E7A4F7556}") = "Planner", "Planner\Planner.csproj", "{9BE5FCA5-B301-4064-899D-F27EC63BFE17}"
EndProject
Project("{9A19103F-16F7-4668-BE54-9A1E7A4F7556}") = "EfDataAccess", "EfDataAccess\EfDataAccess.csproj", "{8516AC5F-07E9-4011-83B3-A6E26CE12981}"
EndProject
Project("{9A19103F-16F7-4668-BE54-9A1E7A4F7556}") = "Domain", "Domain\Domain.csproj", "{BC776740-9230-435C-B3B8-3C4268ED1F4D}"
EndProject
Project("{9A19103F-16F7-4668-BE54-9A1E7A4F7556}") = "BusinessLogic", "BusinessLogic\BusinessLogic.csproj", "{2C73E3B1-DD70-4604-B299-10FF2B558EB8}"
EndProject
Global
	GlobalSection(SolutionConfigurationPlatforms) = preSolution
		Debug|Any CPU = Debug|Any CPU
		Release|Any CPU = Release|Any CPU
	EndGlobalSection
	GlobalSection(ProjectConfigurationPlatforms) = postSolution
		{9BE5FCA5-B301-4064-899D-F27EC63BFE17}.Debug|Any CPU.ActiveCfg = Debug|Any CPU
		{9BE5FCA5-B301-4064-899D-F27EC63BFE17}.Debug|Any CPU.Build.0 = Debug|Any CPU
		{9BE5FCA5-B301-4064-899D-F27EC63BFE17}.Release|Any CPU.ActiveCfg = Release|Any CPU
		{9BE5FCA5-B301-4064-899D-F27EC63BFE17}.Release|Any CPU.Build.0 = Release|Any CPU
		{8516AC5F-07E9-4011-83B3-A6E26CE12981}.Debug|Any CPU.ActiveCfg = Debug|Any CPU
		{8516AC5F-07E9-4011-83B3-A6E26CE12981}.Debug|Any CPU.Build.0 = Debug|Any CPU
		{8516AC5F-07E9-4011-83B3-A6E26CE12981}.Release|Any CPU.ActiveCfg = Release|Any CPU
		{8516AC5F-07E9-4011-83B3-A6E26CE12981}.Release|Any CPU.Build.0 = Release|Any CPU
		{BC776740-9230-435C-B3B8-3C4268ED1F4D}.Debug|Any CPU.ActiveCfg = Debug|Any CPU
		{BC776740-9230-435C-B3B8-3C4268ED1F4D}.Debug|Any CPU.Build.0 = Debug|Any CPU
		{BC776740-9230-435C-B3B8-3C4268ED1F4D}.Release|Any CPU.ActiveCfg = Release|Any CPU
		{BC776740-9230-435C-B3B8-3C4268ED1F4D}.Release|Any CPU.Build.0 = Release|Any CPU
		{2C73E3B1-DD70-4604-B299-10FF2B558EB8}.Debug|Any CPU.ActiveCfg = Debug|Any CPU
		{2C73E3B1-DD70-4604-B299-10FF2B558EB8}.Debug|Any CPU.Build.0 = Debug|Any CPU
		{2C73E3B1-DD70-4604-B299-10FF2B558EB8}.Release|Any CPU.ActiveCfg = Release|Any CPU
		{2C73E3B1-DD70-4604-B299-10FF2B558EB8}.Release|Any CPU.Build.0 = Release|Any CPU
	EndGlobalSection
	GlobalSection(SolutionProperties) = preSolution
		HideSolutionNode = FALSE
	EndGlobalSection
	GlobalSection(ExtensibilityGlobals) = postSolution
		SolutionGuid = {CC4BC8F9-3E4D-44FE-875B-D807160B1D6C}
	EndGlobalSection
EndGlobal
